{
  "name": "instagram-reel-render",
  "lockfileVersion": 3,
  "requires": true,
  "packages": {
    "": {
      "name": "instagram-reel-render",
      "dependencies": {
        "@fontsource/noto-serif-jp": "^5.2.5",
        "playwright": "^1.55.0"
      }
    },
    "node_modules/@fontsource/noto-serif-jp": {
      "version": "5.3.0",
      "resolved": "https://registry.npmjs.org/@fontsource/noto-serif-jp/-/noto-serif-jp-5.3.0.tgz",
      "integrity": "sha512-7dRFleN7F+uuJdcMW/fJmnl6KLZSn9dHCjAVTaWjTcT4hg5V4ECbi2qgIamI6rS/+yTt16KDLU+9aJi74r6ZxQ==",
      "license": "OFL-1.1",
      "funding": {
        "url": "https://github.com/sponsors/ayuhito"
      }
    },
    "node_modules/playwright": {
      "version": "1.63.0",
      "resolved": "https://registry.npmjs.org/playwright/-/playwright-1.63.0.tgz",
      "integrity": "sha512-+7ziBLidS4NaNCdt57SUDT+wYmmd5fmiQejUic/kb+YsYSCPyOOE9sebzMjNmQrsnNpDJqd4WHvV/8lfKfUDUg==",
      "license": "Apache-2.0",
      "dependencies": {
        "playwright-core": "1.63.0"
      },
      "bin": {
        "playwright": "cli.js"
      },
      "engines": {
        "node": ">=20"
      }
    },
    "node_modules/playwright-core": {
      "version": "1.63.0",
      "resolved": "https://registry.npmjs.org/playwright-core/-/playwright-core-1.63.0.tgz",
      "integrity": "sha512-rYCsBF/M5HjUch52bbtVONEFjv6Xu8sm8h72dNlR5bzIE1fvC/bxgspzkjSfU+MweEMmPM8KJebG6nnyxo5mCg==",
      "license": "Apache-2.0",
      "bin": {
        "playwright-core": "cli.js"
      },
      "engines": {
        "node": ">=20"
      }
    }
  }
}
